github.com/boatware/domainer v1.0.1 h1:aPSC7CFGQo56QKwLNiziyKFxO4I9/cZ64k+jS+phdLQ=
github.com/boatware/domainer v1.0.1/go.mod h1:k50QURLt+d2UNsBQR1Q0St0r9xH3zRvRF5FO3za2+Tg=
github.com/boatware/domainer v1.0.2 h1:nwYGRqYD6yyq2PvF2gIlMa3FzfyqTlQXQcMsdbQvqT0=
github.com/boatware/domainer v1.0.2/go.mod h1:k50QURLt+d2UNsBQR1Q0St0r9xH3zRvRF5FO3za2+Tg=
golang.org/x/net v0.8.0 h1:Zrh2ngAOFYneWTAIAPethzeaQLuHwhuBkuV6ZiRnUaQ=
golang.org/x/net v0.8.0/go.mod h1:QVkue5JL9kW//ek3r6jTKnTFis1tRmNAW2P1shuFdJc=
